
Microsoft Visual Studio Solution File, Format Version 12.00
# Visual Studio Version 17
VisualStudioVersion = 17.5.33516.290
MinimumVisualStudioVersion = 10.0.40219.1
Project("{9A19103F-16F7-4668-BE54-9A1E7A4F7556}") = "FinalProjectSVGEditor", "FinalProjectSVGEditor.csproj", "{8BC68A75-3CF7-4824-81A2-36547A454C22}"
EndProject
Global
	GlobalSection(SolutionConfigurationPlatforms) = preSolution
		Debug|Any CPU = Debug|Any CPU
		Debug|x64 = Debug|x64
		Release|Any CPU = Release|Any CPU
		Release|x64 = Release|x64
	EndGlobalSection
	GlobalSection(ProjectConfigurationPlatforms) = postSolution
		{8BC68A75-3CF7-4824-81A2-36547A454C22}.Debug|Any CPU.ActiveCfg = Debug|Any CPU
		{8BC68A75-3CF7-4824-81A2-36547A454C22}.Debug|Any CPU.Build.0 = Debug|Any CPU
		{8BC68A75-3CF7-4824-81A2-36547A454C22}.Debug|x64.ActiveCfg = Debug|x64
		{8BC68A75-3CF7-4824-81A2-36547A454C22}.Debug|x64.Build.0 = Debug|x64
		{8BC68A75-3CF7-4824-81A2-36547A454C22}.Release|Any CPU.ActiveCfg = Release|Any CPU
		{8BC68A75-3CF7-4824-81A2-36547A454C22}.Release|Any CPU.Build.0 = Release|Any CPU
		{8BC68A75-3CF7-4824-81A2-36547A454C22}.Release|x64.ActiveCfg = Release|x64
		{8BC68A75-3CF7-4824-81A2-36547A454C22}.Release|x64.Build.0 = Release|x64
	EndGlobalSection
	GlobalSection(SolutionProperties) = preSolution
		HideSolutionNode = FALSE
	EndGlobalSection
	GlobalSection(ExtensibilityGlobals) = postSolution
		SolutionGuid = {9EDEA958-D39D-44BE-98A5-E37A5B98C7E2}
	EndGlobalSection
EndGlobal
